
Microsoft Visual Studio Solution File, Format Version 12.00
# Visual Studio 15
VisualStudioVersion = 15.0.26403.3
MinimumVisualStudioVersion = 10.0.40219.1
Project("{FAE04EC0-301F-11D3-BF4B-00C04F79EFBC}") = "RehearsalRoom.Site", "RehearsalRoom.Site\RehearsalRoom.Site.csproj", "{1127A0B5-2B89-4804-B782-4EEE6CEC9FFE}"
EndProject
Project("{FAE04EC0-301F-11D3-BF4B-00C04F79EFBC}") = "RehearsalRoom.Model", "..\RehearsalRoom.Model\RehearsalRoom.Model.csproj", "{7B462B1E-F31F-4D22-B015-481A5854F25E}"
EndProject
Project("{FAE04EC0-301F-11D3-BF4B-00C04F79EFBC}") = "RehearsalRoom.Repository", "RehearsalRoom.Repository\RehearsalRoom.Repository.csproj", "{AD3617C2-0D19-48F5-BC91-04F63EAC480A}"
EndProject
Project("{FAE04EC0-301F-11D3-BF4B-00C04F79EFBC}") = "RehearsalRoom.Service", "..\RehearsalRoom.Service\RehearsalRoom.Service.csproj", "{A388F70D-1E42-4D46-B783-3EF4AC941D98}"
EndProject
Project("{FAE04EC0-301F-11D3-BF4B-00C04F79EFBC}") = "RehearsalRoom.Test", "RehearsalRoom.Test\RehearsalRoom.Test.csproj", "{726B7477-508D-4747-BF89-5BC21577C509}"
EndProject
Global
	GlobalSection(SolutionConfigurationPlatforms) = preSolution
		Debug|Any CPU = Debug|Any CPU
		Release|Any CPU = Release|Any CPU
	EndGlobalSection
	GlobalSection(ProjectConfigurationPlatforms) = postSolution
		{1127A0B5-2B89-4804-B782-4EEE6CEC9FFE}.Debug|Any CPU.ActiveCfg = Debug|Any CPU
		{1127A0B5-2B89-4804-B782-4EEE6CEC9FFE}.Debug|Any CPU.Build.0 = Debug|Any CPU
		{1127A0B5-2B89-4804-B782-4EEE6CEC9FFE}.Release|Any CPU.ActiveCfg = Release|Any CPU
		{1127A0B5-2B89-4804-B782-4EEE6CEC9FFE}.Release|Any CPU.Build.0 = Release|Any CPU
		{7B462B1E-F31F-4D22-B015-481A5854F25E}.Debug|Any CPU.ActiveCfg = Debug|Any CPU
		{7B462B1E-F31F-4D22-B015-481A5854F25E}.Debug|Any CPU.Build.0 = Debug|Any CPU
		{7B462B1E-F31F-4D22-B015-481A5854F25E}.Release|Any CPU.ActiveCfg = Release|Any CPU
		{7B462B1E-F31F-4D22-B015-481A5854F25E}.Release|Any CPU.Build.0 = Release|Any CPU
		{AD3617C2-0D19-48F5-BC91-04F63EAC480A}.Debug|Any CPU.ActiveCfg = Debug|Any CPU
		{AD3617C2-0D19-48F5-BC91-04F63EAC480A}.Debug|Any CPU.Build.0 = Debug|Any CPU
		{AD3617C2-0D19-48F5-BC91-04F63EAC480A}.Release|Any CPU.ActiveCfg = Release|Any CPU
		{AD3617C2-0D19-48F5-BC91-04F63EAC480A}.Release|Any CPU.Build.0 = Release|Any CPU
		{A388F70D-1E42-4D46-B783-3EF4AC941D98}.Debug|Any CPU.ActiveCfg = Debug|Any CPU
		{A388F70D-1E42-4D46-B783-3EF4AC941D98}.Debug|Any CPU.Build.0 = Debug|Any CPU
		{A388F70D-1E42-4D46-B783-3EF4AC941D98}.Release|Any CPU.ActiveCfg = Release|Any CPU
		{A388F70D-1E42-4D46-B783-3EF4AC941D98}.Release|Any CPU.Build.0 = Release|Any CPU
		{726B7477-508D-4747-BF89-5BC21577C509}.Debug|Any CPU.ActiveCfg = Debug|Any CPU
		{726B7477-508D-4747-BF89-5BC21577C509}.Debug|Any CPU.Build.0 = Debug|Any CPU
		{726B7477-508D-4747-BF89-5BC21577C509}.Release|Any CPU.ActiveCfg = Release|Any CPU
		{726B7477-508D-4747-BF89-5BC21577C509}.Release|Any CPU.Build.0 = Release|Any CPU
	EndGlobalSection
	GlobalSection(SolutionProperties) = preSolution
		HideSolutionNode = FALSE
	EndGlobalSection
EndGlobal
